
Microsoft Visual Studio Solution File, Format Version 12.00
# Visual Studio Version 17
VisualStudioVersion = 17.11.35222.181
MinimumVisualStudioVersion = 10.0.40219.1
Project("{8BC9CEB8-8B4A-11D0-8D11-00A0C91BC942}") = "华氏度转摄氏度", "华氏度转摄氏度\华氏度转摄氏度.vcxproj", "{0B153262-741C-4482-BD0A-9C60E7345B63}"
EndProject
Global
	GlobalSection(SolutionConfigurationPlatforms) = preSolution
		Debug|x64 = Debug|x64
		Debug|x86 = Debug|x86
		Release|x64 = Release|x64
		Release|x86 = Release|x86
	EndGlobalSection
	GlobalSection(ProjectConfigurationPlatforms) = postSolution
		{0B153262-741C-4482-BD0A-9C60E7345B63}.Debug|x64.ActiveCfg = Debug|x64
		{0B153262-741C-4482-BD0A-9C60E7345B63}.Debug|x64.Build.0 = Debug|x64
		{0B153262-741C-4482-BD0A-9C60E7345B63}.Debug|x86.ActiveCfg = Debug|Win32
		{0B153262-741C-4482-BD0A-9C60E7345B63}.Debug|x86.Build.0 = Debug|Win32
		{0B153262-741C-4482-BD0A-9C60E7345B63}.Release|x64.ActiveCfg = Release|x64
		{0B153262-741C-4482-BD0A-9C60E7345B63}.Release|x64.Build.0 = Release|x64
		{0B153262-741C-4482-BD0A-9C60E7345B63}.Release|x86.ActiveCfg = Release|Win32
		{0B153262-741C-4482-BD0A-9C60E7345B63}.Release|x86.Build.0 = Release|Win32
	EndGlobalSection
	GlobalSection(SolutionProperties) = preSolution
		HideSolutionNode = FALSE
	EndGlobalSection
	GlobalSection(ExtensibilityGlobals) = postSolution
		SolutionGuid = {D09EA92D-F21C-4B1B-85A2-791BDB3A72A6}
	EndGlobalSection
EndGlobal
