
Microsoft Visual Studio Solution File, Format Version 12.00
# Visual Studio Version 17
VisualStudioVersion = 17.11.35222.181
MinimumVisualStudioVersion = 10.0.40219.1
Project("{8BC9CEB8-8B4A-11D0-8D11-00A0C91BC942}") = "实验练习1", "实验练习1\实验练习1.vcxproj", "{A213A925-C250-4C75-BFC2-D8A043A77DB0}"
EndProject
Global
	GlobalSection(SolutionConfigurationPlatforms) = preSolution
		Debug|x64 = Debug|x64
		Debug|x86 = Debug|x86
		Release|x64 = Release|x64
		Release|x86 = Release|x86
	EndGlobalSection
	GlobalSection(ProjectConfigurationPlatforms) = postSolution
		{A213A925-C250-4C75-BFC2-D8A043A77DB0}.Debug|x64.ActiveCfg = Debug|x64
		{A213A925-C250-4C75-BFC2-D8A043A77DB0}.Debug|x64.Build.0 = Debug|x64
		{A213A925-C250-4C75-BFC2-D8A043A77DB0}.Debug|x86.ActiveCfg = Debug|Win32
		{A213A925-C250-4C75-BFC2-D8A043A77DB0}.Debug|x86.Build.0 = Debug|Win32
		{A213A925-C250-4C75-BFC2-D8A043A77DB0}.Release|x64.ActiveCfg = Release|x64
		{A213A925-C250-4C75-BFC2-D8A043A77DB0}.Release|x64.Build.0 = Release|x64
		{A213A925-C250-4C75-BFC2-D8A043A77DB0}.Release|x86.ActiveCfg = Release|Win32
		{A213A925-C250-4C75-BFC2-D8A043A77DB0}.Release|x86.Build.0 = Release|Win32
	EndGlobalSection
	GlobalSection(SolutionProperties) = preSolution
		HideSolutionNode = FALSE
	EndGlobalSection
	GlobalSection(ExtensibilityGlobals) = postSolution
		SolutionGuid = {F33D8FF8-48FB-4817-9CF6-7E6C4F4083EA}
	EndGlobalSection
EndGlobal
