
Microsoft Visual Studio Solution File, Format Version 12.00
# Visual Studio Version 17
VisualStudioVersion = 17.11.35222.181
MinimumVisualStudioVersion = 10.0.40219.1
Project("{8BC9CEB8-8B4A-11D0-8D11-00A0C91BC942}") = "实验2.3", "实验2.3\实验2.3.vcxproj", "{CA3D15AF-16C3-4238-B05F-314C966C51E3}"
EndProject
Global
	GlobalSection(SolutionConfigurationPlatforms) = preSolution
		Debug|x64 = Debug|x64
		Debug|x86 = Debug|x86
		Release|x64 = Release|x64
		Release|x86 = Release|x86
	EndGlobalSection
	GlobalSection(ProjectConfigurationPlatforms) = postSolution
		{CA3D15AF-16C3-4238-B05F-314C966C51E3}.Debug|x64.ActiveCfg = Debug|x64
		{CA3D15AF-16C3-4238-B05F-314C966C51E3}.Debug|x64.Build.0 = Debug|x64
		{CA3D15AF-16C3-4238-B05F-314C966C51E3}.Debug|x86.ActiveCfg = Debug|Win32
		{CA3D15AF-16C3-4238-B05F-314C966C51E3}.Debug|x86.Build.0 = Debug|Win32
		{CA3D15AF-16C3-4238-B05F-314C966C51E3}.Release|x64.ActiveCfg = Release|x64
		{CA3D15AF-16C3-4238-B05F-314C966C51E3}.Release|x64.Build.0 = Release|x64
		{CA3D15AF-16C3-4238-B05F-314C966C51E3}.Release|x86.ActiveCfg = Release|Win32
		{CA3D15AF-16C3-4238-B05F-314C966C51E3}.Release|x86.Build.0 = Release|Win32
	EndGlobalSection
	GlobalSection(SolutionProperties) = preSolution
		HideSolutionNode = FALSE
	EndGlobalSection
	GlobalSection(ExtensibilityGlobals) = postSolution
		SolutionGuid = {2EEB3864-EE96-483E-86AF-D9F4C6186D4C}
	EndGlobalSection
EndGlobal
